
Microsoft Visual Studio Solution File, Format Version 12.00
# Visual Studio Version 16
VisualStudioVersion = 16.0.29709.97
MinimumVisualStudioVersion = 10.0.40219.1
Project("{FAE04EC0-301F-11D3-BF4B-00C04F79EFBC}") = "RideTheBus", "RideTheBus1\RideTheBus.csproj", "{AD87E69C-F6C3-45D7-BE21-B49887E523CD}"
EndProject
Global
	GlobalSection(SolutionConfigurationPlatforms) = preSolution
		Debug|Any CPU = Debug|Any CPU
		Release|Any CPU = Release|Any CPU
	EndGlobalSection
	GlobalSection(ProjectConfigurationPlatforms) = postSolution
		{AD87E69C-F6C3-45D7-BE21-B49887E523CD}.Debug|Any CPU.ActiveCfg = Debug|Any CPU
		{AD87E69C-F6C3-45D7-BE21-B49887E523CD}.Debug|Any CPU.Build.0 = Debug|Any CPU
		{AD87E69C-F6C3-45D7-BE21-B49887E523CD}.Release|Any CPU.ActiveCfg = Release|Any CPU
		{AD87E69C-F6C3-45D7-BE21-B49887E523CD}.Release|Any CPU.Build.0 = Release|Any CPU
	EndGlobalSection
	GlobalSection(SolutionProperties) = preSolution
		HideSolutionNode = FALSE
	EndGlobalSection
	GlobalSection(ExtensibilityGlobals) = postSolution
		SolutionGuid = {41CE1287-A15D-48E4-9CB3-9C9A748CF7FC}
	EndGlobalSection
EndGlobal
